
Microsoft Visual Studio Solution File, Format Version 12.00
# Visual Studio Version 16
VisualStudioVersion = 25.0.1706.7
MinimumVisualStudioVersion = 10.0.40219.1
Project("{FAE04EC0-301F-11D3-BF4B-00C04F79EFBC}") = "12", "12.csproj", "{4FADAF11-7191-4632-9AFC-2AFC7A1BCF6B}"
EndProject
Global
	GlobalSection(SolutionConfigurationPlatforms) = preSolution
		Debug|Any CPU = Debug|Any CPU
		Release|Any CPU = Release|Any CPU
	EndGlobalSection
	GlobalSection(ProjectConfigurationPlatforms) = postSolution
		{4FADAF11-7191-4632-9AFC-2AFC7A1BCF6B}.Debug|Any CPU.ActiveCfg = Debug|Any CPU
		{4FADAF11-7191-4632-9AFC-2AFC7A1BCF6B}.Debug|Any CPU.Build.0 = Debug|Any CPU
		{4FADAF11-7191-4632-9AFC-2AFC7A1BCF6B}.Release|Any CPU.ActiveCfg = Release|Any CPU
		{4FADAF11-7191-4632-9AFC-2AFC7A1BCF6B}.Release|Any CPU.Build.0 = Release|Any CPU
	EndGlobalSection
	GlobalSection(SolutionProperties) = preSolution
		HideSolutionNode = FALSE
	EndGlobalSection
	GlobalSection(ExtensibilityGlobals) = postSolution
		SolutionGuid = {1530C37D-2D6A-48CF-882D-0211C0DA1389}
	EndGlobalSection
EndGlobal
